// !$*UTF8*$!
{
	archiveVersion = 1;
	classes = {
	};
	objectVersion = 50;
	objects = {

/* Begin PBXBuildFile section */
		17F83FF324BFFCCF00444F86 /* AppDelegate.m in Sources */ = {isa = PBXBuildFile; fileRef = 17F83FF224BFFCCF00444F86 /* AppDelegate.m */; };
		17F83FF624BFFCCF00444F86 /* SceneDelegate.m in Sources */ = {isa = PBXBuildFile; fileRef = 17F83FF524BFFCCF00444F86 /* SceneDelegate.m */; };
		17F83FF924BFFCCF00444F86 /* ViewController.m in Sources */ = {isa = PBXBuildFile; fileRef = 17F83FF824BFFCCF00444F86 /* ViewController.m */; };
		17F83FFC24BFFCCF00444F86 /* Main.storyboard in Resources */ = {isa = PBXBuildFile; fileRef = 17F83FFA24BFFCCF00444F86 /* Main.storyboard */; };
		17F83FFE24BFFCD000444F86 /* Assets.xcassets in Resources */ = {isa = PBXBuildFile; fileRef = 17F83FFD24BFFCD000444F86 /* Assets.xcassets */; };
		17F8400124BFFCD000444F86 /* LaunchScreen.storyboard in Resources */ = {isa = PBXBuildFile; fileRef = 17F83FFF24BFFCD000444F86 /* LaunchScreen.storyboard */; };
		17F8400424BFFCD000444F86 /* main.m in Sources */ = {isa = PBXBuildFile; fileRef = 17F8400324BFFCD000444F86 /* main.m */; };
		17F8400E24BFFCD000444F86 /* Triangle_ObjCTests.m in Sources */ = {isa = PBXBuildFile; fileRef = 17F8400D24BFFCD000444F86 /* Triangle_ObjCTests.m */; };
		17F8401924BFFCD000444F86 /* Triangle_ObjCUITests.m in Sources */ = {isa = PBXBuildFile; fileRef = 17F8401824BFFCD000444F86 /* Triangle_ObjCUITests.m */; };
		17F8402C24C0079300444F86 /* MetalContext.mm in Sources */ = {isa = PBXBuildFile; fileRef = 17F8402B24C0079300444F86 /* MetalContext.mm */; };
		17F8402F24C0096C00444F86 /* MetalView.m in Sources */ = {isa = PBXBuildFile; fileRef = 17F8402E24C0096C00444F86 /* MetalView.m */; };
		17F8403A24C00ADD00444F86 /* Triangle.m in Sources */ = {isa = PBXBuildFile; fileRef = 17F8403924C00ADD00444F86 /* Triangle.m */; };
		17F8403C24C02F9700444F86 /* Triangle.metal in Sources */ = {isa = PBXBuildFile; fileRef = 17F8403B24C02F9600444F86 /* Triangle.metal */; };
/* End PBXBuildFile section */

/* Begin PBXContainerItemProxy section */
		17F8400A24BFFCD000444F86 /* PBXContainerItemProxy */ = {
			isa = PBXContainerItemProxy;
			containerPortal = 17F83FE624BFFCCF00444F86 /* Project object */;
			proxyType = 1;
			remoteGlobalIDString = 17F83FED24BFFCCF00444F86;
			remoteInfo = "Triangle-ObjC";
		};
		17F8401524BFFCD000444F86 /* PBXContainerItemProxy */ = {
			isa = PBXContainerItemProxy;
			containerPortal = 17F83FE624BFFCCF00444F86 /* Project object */;
			proxyType = 1;
			remoteGlobalIDString = 17F83FED24BFFCCF00444F86;
			remoteInfo = "Triangle-ObjC";
		};
/* End PBXContainerItemProxy section */

/* Begin PBXFileReference section */
		17F83FEE24BFFCCF00444F86 /* Triangle-ObjC.app */ = {isa = PBXFileReference; explicitFileType = wrapper.application; includeInIndex = 0; path = "Triangle-ObjC.app"; sourceTree = BUILT_PRODUCTS_DIR; };
		17F83FF124BFFCCF00444F86 /* AppDelegate.h */ = {isa = PBXFileReference; lastKnownFileType = sourcecode.c.h; path = AppDelegate.h; sourceTree = "<group>"; };
		17F83FF224BFFCCF00444F86 /* AppDelegate.m */ = {isa = PBXFileReference; lastKnownFileType = sourcecode.c.objc; path = AppDelegate.m; sourceTree = "<group>"; };
		17F83FF424BFFCCF00444F86 /* SceneDelegate.h */ = {isa = PBXFileReference; lastKnownFileType = sourcecode.c.h; path = SceneDelegate.h; sourceTree = "<group>"; };
		17F83FF524BFFCCF00444F86 /* SceneDelegate.m */ = {isa = PBXFileReference; lastKnownFileType = sourcecode.c.objc; path = SceneDelegate.m; sourceTree = "<group>"; };
		17F83FF724BFFCCF00444F86 /* ViewController.h */ = {isa = PBXFileReference; lastKnownFileType = sourcecode.c.h; path = ViewController.h; sourceTree = "<group>"; };
		17F83FF824BFFCCF00444F86 /* ViewController.m */ = {isa = PBXFileReference; lastKnownFileType = sourcecode.c.objc; path = ViewController.m; sourceTree = "<group>"; };
		17F83FFB24BFFCCF00444F86 /* Base */ = {isa = PBXFileReference; lastKnownFileType = file.storyboard; name = Base; path = Base.lproj/Main.storyboard; sourceTree = "<group>"; };
		17F83FFD24BFFCD000444F86 /* Assets.xcassets */ = {isa = PBXFileReference; lastKnownFileType = folder.assetcatalog; path = Assets.xcassets; sourceTree = "<group>"; };
		17F8400024BFFCD000444F86 /* Base */ = {isa = PBXFileReference; lastKnownFileType = file.storyboard; name = Base; path = Base.lproj/LaunchScreen.storyboard; sourceTree = "<group>"; };
		17F8400224BFFCD000444F86 /* Info.plist */ = {isa = PBXFileReference; lastKnownFileType = text.plist.xml; path = Info.plist; sourceTree = "<group>"; };
		17F8400324BFFCD000444F86 /* main.m */ = {isa = PBXFileReference; lastKnownFileType = sourcecode.c.objc; path = main.m; sourceTree = "<group>"; };
		17F8400924BFFCD000444F86 /* Triangle-ObjCTests.xctest */ = {isa = PBXFileReference; explicitFileType = wrapper.cfbundle; includeInIndex = 0; path = "Triangle-ObjCTests.xctest"; sourceTree = BUILT_PRODUCTS_DIR; };
		17F8400D24BFFCD000444F86 /* Triangle_ObjCTests.m */ = {isa = PBXFileReference; lastKnownFileType = sourcecode.c.objc; path = Triangle_ObjCTests.m; sourceTree = "<group>"; };
		17F8400F24BFFCD000444F86 /* Info.plist */ = {isa = PBXFileReference; lastKnownFileType = text.plist.xml; path = Info.plist; sourceTree = "<group>"; };
		17F8401424BFFCD000444F86 /* Triangle-ObjCUITests.xctest */ = {isa = PBXFileReference; explicitFileType = wrapper.cfbundle; includeInIndex = 0; path = "Triangle-ObjCUITests.xctest"; sourceTree = BUILT_PRODUCTS_DIR; };
		17F8401824BFFCD000444F86 /* Triangle_ObjCUITests.m */ = {isa = PBXFileReference; lastKnownFileType = sourcecode.c.objc; path = Triangle_ObjCUITests.m; sourceTree = "<group>"; };
		17F8401A24BFFCD000444F86 /* Info.plist */ = {isa = PBXFileReference; lastKnownFileType = text.plist.xml; path = Info.plist; sourceTree = "<group>"; };
		17F8402A24C0079300444F86 /* MetalContext.h */ = {isa = PBXFileReference; fileEncoding = 4; lastKnownFileType = sourcecode.c.h; path = MetalContext.h; sourceTree = "<group>"; };
		17F8402B24C0079300444F86 /* MetalContext.mm */ = {isa = PBXFileReference; fileEncoding = 4; lastKnownFileType = sourcecode.cpp.objcpp; path = MetalContext.mm; sourceTree = "<group>"; };
		17F8402D24C0096C00444F86 /* MetalView.h */ = {isa = PBXFileReference; fileEncoding = 4; lastKnownFileType = sourcecode.c.h; path = MetalView.h; sourceTree = "<group>"; };
		17F8402E24C0096C00444F86 /* MetalView.m */ = {isa = PBXFileReference; fileEncoding = 4; lastKnownFileType = sourcecode.c.objc; path = MetalView.m; sourceTree = "<group>"; };
		17F8403824C00ADD00444F86 /* Triangle.h */ = {isa = PBXFileReference; fileEncoding = 4; lastKnownFileType = sourcecode.c.h; path = Triangle.h; sourceTree = "<group>"; };
		17F8403924C00ADD00444F86 /* Triangle.m */ = {isa = PBXFileReference; fileEncoding = 4; lastKnownFileType = sourcecode.c.objc; path = Triangle.m; sourceTree = "<group>"; };
		17F8403B24C02F9600444F86 /* Triangle.metal */ = {isa = PBXFileReference; fileEncoding = 4; lastKnownFileType = sourcecode.metal; path = Triangle.metal; sourceTree = "<group>"; };
/* End PBXFileReference section */

/* Begin PBXFrameworksBuildPhase section */
		17F83FEB24BFFCCF00444F86 /* Frameworks */ = {
			isa = PBXFrameworksBuildPhase;
			buildActionMask = 2147483647;
			files = (
			);
			runOnlyForDeploymentPostprocessing = 0;
		};
		17F8400624BFFCD000444F86 /* Frameworks */ = {
			isa = PBXFrameworksBuildPhase;
			buildActionMask = 2147483647;
			files = (
			);
			runOnlyForDeploymentPostprocessing = 0;
		};
		17F8401124BFFCD000444F86 /* Frameworks */ = {
			isa = PBXFrameworksBuildPhase;
			buildActionMask = 2147483647;
			files = (
			);
			runOnlyForDeploymentPostprocessing = 0;
		};
/* End PBXFrameworksBuildPhase section */

/* Begin PBXGroup section */
		17F83FE524BFFCCF00444F86 = {
			isa = PBXGroup;
			children = (
				17F83FF024BFFCCF00444F86 /* Triangle-ObjC */,
				17F8400C24BFFCD000444F86 /* Triangle-ObjCTests */,
				17F8401724BFFCD000444F86 /* Triangle-ObjCUITests */,
				17F83FEF24BFFCCF00444F86 /* Products */,
			);
			sourceTree = "<group>";
		};
		17F83FEF24BFFCCF00444F86 /* Products */ = {
			isa = PBXGroup;
			children = (
				17F83FEE24BFFCCF00444F86 /* Triangle-ObjC.app */,
				17F8400924BFFCD000444F86 /* Triangle-ObjCTests.xctest */,
				17F8401424BFFCD000444F86 /* Triangle-ObjCUITests.xctest */,
			);
			name = Products;
			sourceTree = "<group>";
		};
		17F83FF024BFFCCF00444F86 /* Triangle-ObjC */ = {
			isa = PBXGroup;
			children = (
				17F8402624BFFD2800444F86 /* Metal */,
				17F83FF124BFFCCF00444F86 /* AppDelegate.h */,
				17F83FF224BFFCCF00444F86 /* AppDelegate.m */,
				17F83FF424BFFCCF00444F86 /* SceneDelegate.h */,
				17F83FF524BFFCCF00444F86 /* SceneDelegate.m */,
				17F83FF724BFFCCF00444F86 /* ViewController.h */,
				17F83FF824BFFCCF00444F86 /* ViewController.m */,
				17F83FFA24BFFCCF00444F86 /* Main.storyboard */,
				17F83FFD24BFFCD000444F86 /* Assets.xcassets */,
				17F83FFF24BFFCD000444F86 /* LaunchScreen.storyboard */,
				17F8400224BFFCD000444F86 /* Info.plist */,
				17F8400324BFFCD000444F86 /* main.m */,
			);
			path = "Triangle-ObjC";
			sourceTree = "<group>";
		};
		17F8400C24BFFCD000444F86 /* Triangle-ObjCTests */ = {
			isa = PBXGroup;
			children = (
				17F8400D24BFFCD000444F86 /* Triangle_ObjCTests.m */,
				17F8400F24BFFCD000444F86 /* Info.plist */,
			);
			path = "Triangle-ObjCTests";
			sourceTree = "<group>";
		};
		17F8401724BFFCD000444F86 /* Triangle-ObjCUITests */ = {
			isa = PBXGroup;
			children = (
				17F8401824BFFCD000444F86 /* Triangle_ObjCUITests.m */,
				17F8401A24BFFCD000444F86 /* Info.plist */,
			);
			path = "Triangle-ObjCUITests";
			sourceTree = "<group>";
		};
		17F8402624BFFD2800444F86 /* Metal */ = {
			isa = PBXGroup;
			children = (
				17F8402924C0076600444F86 /* View */,
				17F8402824C0075600444F86 /* Render */,
				17F8402724BFFD3800444F86 /* Context */,
			);
			path = Metal;
			sourceTree = "<group>";
		};
		17F8402724BFFD3800444F86 /* Context */ = {
			isa = PBXGroup;
			children = (
				17F8402A24C0079300444F86 /* MetalContext.h */,
				17F8402B24C0079300444F86 /* MetalContext.mm */,
			);
			path = Context;
			sourceTree = "<group>";
		};
		17F8402824C0075600444F86 /* Render */ = {
			isa = PBXGroup;
			children = (
				17F8403224C00A8500444F86 /* Triangle */,
			);
			path = Render;
			sourceTree = "<group>";
		};
		17F8402924C0076600444F86 /* View */ = {
			isa = PBXGroup;
			children = (
				17F8402D24C0096C00444F86 /* MetalView.h */,
				17F8402E24C0096C00444F86 /* MetalView.m */,
			);
			path = View;
			sourceTree = "<group>";
		};
		17F8403224C00A8500444F86 /* Triangle */ = {
			isa = PBXGroup;
			children = (
				17F8403824C00ADD00444F86 /* Triangle.h */,
				17F8403924C00ADD00444F86 /* Triangle.m */,
				17F8403B24C02F9600444F86 /* Triangle.metal */,
			);
			path = Triangle;
			sourceTree = "<group>";
		};
/* End PBXGroup section */

/* Begin PBXNativeTarget section */
		17F83FED24BFFCCF00444F86 /* Triangle-ObjC */ = {
			isa = PBXNativeTarget;
			buildConfigurationList = 17F8401D24BFFCD000444F86 /* Build configuration list for PBXNativeTarget "Triangle-ObjC" */;
			buildPhases = (
				17F83FEA24BFFCCF00444F86 /* Sources */,
				17F83FEB24BFFCCF00444F86 /* Frameworks */,
				17F83FEC24BFFCCF00444F86 /* Resources */,
			);
			buildRules = (
			);
			dependencies = (
			);
			name = "Triangle-ObjC";
			productName = "Triangle-ObjC";
			productReference = 17F83FEE24BFFCCF00444F86 /* Triangle-ObjC.app */;
			productType = "com.apple.product-type.application";
		};
		17F8400824BFFCD000444F86 /* Triangle-ObjCTests */ = {
			isa = PBXNativeTarget;
			buildConfigurationList = 17F8402024BFFCD000444F86 /* Build configuration list for PBXNativeTarget "Triangle-ObjCTests" */;
			buildPhases = (
				17F8400524BFFCD000444F86 /* Sources */,
				17F8400624BFFCD000444F86 /* Frameworks */,
				17F8400724BFFCD000444F86 /* Resources */,
			);
			buildRules = (
			);
			dependencies = (
				17F8400B24BFFCD000444F86 /* PBXTargetDependency */,
			);
			name = "Triangle-ObjCTests";
			productName = "Triangle-ObjCTests";
			productReference = 17F8400924BFFCD000444F86 /* Triangle-ObjCTests.xctest */;
			productType = "com.apple.product-type.bundle.unit-test";
		};
		17F8401324BFFCD000444F86 /* Triangle-ObjCUITests */ = {
			isa = PBXNativeTarget;
			buildConfigurationList = 17F8402324BFFCD000444F86 /* Build configuration list for PBXNativeTarget "Triangle-ObjCUITests" */;
			buildPhases = (
				17F8401024BFFCD000444F86 /* Sources */,
				17F8401124BFFCD000444F86 /* Frameworks */,
				17F8401224BFFCD000444F86 /* Resources */,
			);
			buildRules = (
			);
			dependencies = (
				17F8401624BFFCD000444F86 /* PBXTargetDependency */,
			);
			name = "Triangle-ObjCUITests";
			productName = "Triangle-ObjCUITests";
			productReference = 17F8401424BFFCD000444F86 /* Triangle-ObjCUITests.xctest */;
			productType = "com.apple.product-type.bundle.ui-testing";
		};
/* End PBXNativeTarget section */

/* Begin PBXProject section */
		17F83FE624BFFCCF00444F86 /* Project object */ = {
			isa = PBXProject;
			attributes = {
				LastUpgradeCheck = 1200;
				TargetAttributes = {
					17F83FED24BFFCCF00444F86 = {
						CreatedOnToolsVersion = 12.0;
					};
					17F8400824BFFCD000444F86 = {
						CreatedOnToolsVersion = 12.0;
						TestTargetID = 17F83FED24BFFCCF00444F86;
					};
					17F8401324BFFCD000444F86 = {
						CreatedOnToolsVersion = 12.0;
						TestTargetID = 17F83FED24BFFCCF00444F86;
					};
				};
			};
			buildConfigurationList = 17F83FE924BFFCCF00444F86 /* Build configuration list for PBXProject "Triangle-ObjC" */;
			compatibilityVersion = "Xcode 9.3";
			developmentRegion = en;
			hasScannedForEncodings = 0;
			knownRegions = (
				en,
				Base,
			);
			mainGroup = 17F83FE524BFFCCF00444F86;
			productRefGroup = 17F83FEF24BFFCCF00444F86 /* Products */;
			projectDirPath = "";
			projectRoot = "";
			targets = (
				17F83FED24BFFCCF00444F86 /* Triangle-ObjC */,
				17F8400824BFFCD000444F86 /* Triangle-ObjCTests */,
				17F8401324BFFCD000444F86 /* Triangle-ObjCUITests */,
			);
		};
/* End PBXProject section */

/* Begin PBXResourcesBuildPhase section */
		17F83FEC24BFFCCF00444F86 /* Resources */ = {
			isa = PBXResourcesBuildPhase;
			buildActionMask = 2147483647;
			files = (
				17F8400124BFFCD000444F86 /* LaunchScreen.storyboard in Resources */,
				17F83FFE24BFFCD000444F86 /* Assets.xcassets in Resources */,
				17F83FFC24BFFCCF00444F86 /* Main.storyboard in Resources */,
			);
			runOnlyForDeploymentPostprocessing = 0;
		};
		17F8400724BFFCD000444F86 /* Resources */ = {
			isa = PBXResourcesBuildPhase;
			buildActionMask = 2147483647;
			files = (
			);
			runOnlyForDeploymentPostprocessing = 0;
		};
		17F8401224BFFCD000444F86 /* Resources */ = {
			isa = PBXResourcesBuildPhase;
			buildActionMask = 2147483647;
			files = (
			);
			runOnlyForDeploymentPostprocessing = 0;
		};
/* End PBXResourcesBuildPhase section */

/* Begin PBXSourcesBuildPhase section */
		17F83FEA24BFFCCF00444F86 /* Sources */ = {
			isa = PBXSourcesBuildPhase;
			buildActionMask = 2147483647;
			files = (
				17F83FF924BFFCCF00444F86 /* ViewController.m in Sources */,
				17F83FF324BFFCCF00444F86 /* AppDelegate.m in Sources */,
				17F8402C24C0079300444F86 /* MetalContext.mm in Sources */,
				17F8403A24C00ADD00444F86 /* Triangle.m in Sources */,
				17F8400424BFFCD000444F86 /* main.m in Sources */,
				17F8403C24C02F9700444F86 /* Triangle.metal in Sources */,
				17F8402F24C0096C00444F86 /* MetalView.m in Sources */,
				17F83FF624BFFCCF00444F86 /* SceneDelegate.m in Sources */,
			);
			runOnlyForDeploymentPostprocessing = 0;
		};
		17F8400524BFFCD000444F86 /* Sources */ = {
			isa = PBXSourcesBuildPhase;
			buildActionMask = 2147483647;
			files = (
				17F8400E24BFFCD000444F86 /* Triangle_ObjCTests.m in Sources */,
			);
			runOnlyForDeploymentPostprocessing = 0;
		};
		17F8401024BFFCD000444F86 /* Sources */ = {
			isa = PBXSourcesBuildPhase;
			buildActionMask = 2147483647;
			files = (
				17F8401924BFFCD000444F86 /* Triangle_ObjCUITests.m in Sources */,
			);
			runOnlyForDeploymentPostprocessing = 0;
		};
/* End PBXSourcesBuildPhase section */

/* Begin PBXTargetDependency section */
		17F8400B24BFFCD000444F86 /* PBXTargetDependency */ = {
			isa = PBXTargetDependency;
			target = 17F83FED24BFFCCF00444F86 /* Triangle-ObjC */;
			targetProxy = 17F8400A24BFFCD000444F86 /* PBXContainerItemProxy */;
		};
		17F8401624BFFCD000444F86 /* PBXTargetDependency */ = {
			isa = PBXTargetDependency;
			target = 17F83FED24BFFCCF00444F86 /* Triangle-ObjC */;
			targetProxy = 17F8401524BFFCD000444F86 /* PBXContainerItemProxy */;
		};
/* End PBXTargetDependency section */

/* Begin PBXVariantGroup section */
		17F83FFA24BFFCCF00444F86 /* Main.storyboard */ = {
			isa = PBXVariantGroup;
			children = (
				17F83FFB24BFFCCF00444F86 /* Base */,
			);
			name = Main.storyboard;
			sourceTree = "<group>";
		};
		17F83FFF24BFFCD000444F86 /* LaunchScreen.storyboard */ = {
			isa = PBXVariantGroup;
			children = (
				17F8400024BFFCD000444F86 /* Base */,
			);
			name = LaunchScreen.storyboard;
			sourceTree = "<group>";
		};
/* End PBXVariantGroup section */

/* Begin XCBuildConfiguration section */
		17F8401B24BFFCD000444F86 /* Debug */ = {
			isa = XCBuildConfiguration;
			buildSettings = {
				ALWAYS_SEARCH_USER_PATHS = NO;
				CLANG_ANALYZER_NONNULL = YES;
				CLANG_ANALYZER_NUMBER_OBJECT_CONVERSION = YES_AGGRESSIVE;
				CLANG_CXX_LANGUAGE_STANDARD = "gnu++14";
				CLANG_CXX_LIBRARY = "libc++";
				CLANG_ENABLE_MODULES = YES;
				CLANG_ENABLE_OBJC_ARC = YES;
				CLANG_ENABLE_OBJC_WEAK = YES;
				CLANG_WARN_BLOCK_CAPTURE_AUTORELEASING = YES;
				CLANG_WARN_BOOL_CONVERSION = YES;
				CLANG_WARN_COMMA = YES;
				CLANG_WARN_CONSTANT_CONVERSION = YES;
				CLANG_WARN_DEPRECATED_OBJC_IMPLEMENTATIONS = YES;
				CLANG_WARN_DIRECT_OBJC_ISA_USAGE = YES_ERROR;
				CLANG_WARN_DOCUMENTATION_COMMENTS = YES;
				CLANG_WARN_EMPTY_BODY = YES;
				CLANG_WARN_ENUM_CONVERSION = YES;
				CLANG_WARN_INFINITE_RECURSION = YES;
				CLANG_WARN_INT_CONVERSION = YES;
				CLANG_WARN_NON_LITERAL_NULL_CONVERSION = YES;
				CLANG_WARN_OBJC_IMPLICIT_RETAIN_SELF = YES;
				CLANG_WARN_OBJC_LITERAL_CONVERSION = YES;
				CLANG_WARN_OBJC_ROOT_CLASS = YES_ERROR;
				CLANG_WARN_QUOTED_INCLUDE_IN_FRAMEWORK_HEADER = YES;
				CLANG_WARN_RANGE_LOOP_ANALYSIS = YES;
				CLANG_WARN_STRICT_PROTOTYPES = YES;
				CLANG_WARN_SUSPICIOUS_MOVE = YES;
				CLANG_WARN_UNGUARDED_AVAILABILITY = YES_AGGRESSIVE;
				CLANG_WARN_UNREACHABLE_CODE = YES;
				CLANG_WARN__DUPLICATE_METHOD_MATCH = YES;
				COPY_PHASE_STRIP = NO;
				DEBUG_INFORMATION_FORMAT = dwarf;
				ENABLE_STRICT_OBJC_MSGSEND = YES;
				ENABLE_TESTABILITY = YES;
				GCC_C_LANGUAGE_STANDARD = gnu11;
				GCC_DYNAMIC_NO_PIC = NO;
				GCC_NO_COMMON_BLOCKS = YES;
				GCC_OPTIMIZATION_LEVEL = 0;
				GCC_PREPROCESSOR_DEFINITIONS = (
					"DEBUG=1",
					"$(inherited)",
				);
				GCC_WARN_64_TO_32_BIT_CONVERSION = YES;
				GCC_WARN_ABOUT_RETURN_TYPE = YES_ERROR;
				GCC_WARN_UNDECLARED_SELECTOR = YES;
				GCC_WARN_UNINITIALIZED_AUTOS = YES_AGGRESSIVE;
				GCC_WARN_UNUSED_FUNCTION = YES;
				GCC_WARN_UNUSED_VARIABLE = YES;
				IPHONEOS_DEPLOYMENT_TARGET = 14.0;
				MTL_ENABLE_DEBUG_INFO = INCLUDE_SOURCE;
				MTL_FAST_MATH = YES;
				ONLY_ACTIVE_ARCH = YES;
				SDKROOT = iphoneos;
			};
			name = Debug;
		};
		17F8401C24BFFCD000444F86 /* Release */ = {
			isa = XCBuildConfiguration;
			buildSettings = {
				ALWAYS_SEARCH_USER_PATHS = NO;
				CLANG_ANALYZER_NONNULL = YES;
				CLANG_ANALYZER_NUMBER_OBJECT_CONVERSION = YES_AGGRESSIVE;
				CLANG_CXX_LANGUAGE_STANDARD = "gnu++14";
				CLANG_CXX_LIBRARY = "libc++";
				CLANG_ENABLE_MODULES = YES;
				CLANG_ENABLE_OBJC_ARC = YES;
				CLANG_ENABLE_OBJC_WEAK = YES;
				CLANG_WARN_BLOCK_CAPTURE_AUTORELEASING = YES;
				CLANG_WARN_BOOL_CONVERSION = YES;
				CLANG_WARN_COMMA = YES;
				CLANG_WARN_CONSTANT_CONVERSION = YES;
				CLANG_WARN_DEPRECATED_OBJC_IMPLEMENTATIONS = YES;
				CLANG_WARN_DIRECT_OBJC_ISA_USAGE = YES_ERROR;
				CLANG_WARN_DOCUMENTATION_COMMENTS = YES;
				CLANG_WARN_EMPTY_BODY = YES;
				CLANG_WARN_ENUM_CONVERSION = YES;
				CLANG_WARN_INFINITE_RECURSION = YES;
				CLANG_WARN_INT_CONVERSION = YES;
				CLANG_WARN_NON_LITERAL_NULL_CONVERSION = YES;
				CLANG_WARN_OBJC_IMPLICIT_RETAIN_SELF = YES;
				CLANG_WARN_OBJC_LITERAL_CONVERSION = YES;
				CLANG_WARN_OBJC_ROOT_CLASS = YES_ERROR;
				CLANG_WARN_QUOTED_INCLUDE_IN_FRAMEWORK_HEADER = YES;
				CLANG_WARN_RANGE_LOOP_ANALYSIS = YES;
				CLANG_WARN_STRICT_PROTOTYPES = YES;
				CLANG_WARN_SUSPICIOUS_MOVE = YES;
				CLANG_WARN_UNGUARDED_AVAILABILITY = YES_AGGRESSIVE;
				CLANG_WARN_UNREACHABLE_CODE = YES;
				CLANG_WARN__DUPLICATE_METHOD_MATCH = YES;
				COPY_PHASE_STRIP = NO;
				DEBUG_INFORMATION_FORMAT = "dwarf-with-dsym";
				ENABLE_NS_ASSERTIONS = NO;
				ENABLE_STRICT_OBJC_MSGSEND = YES;
				GCC_C_LANGUAGE_STANDARD = gnu11;
				GCC_NO_COMMON_BLOCKS = YES;
				GCC_WARN_64_TO_32_BIT_CONVERSION = YES;
				GCC_WARN_ABOUT_RETURN_TYPE = YES_ERROR;
				GCC_WARN_UNDECLARED_SELECTOR = YES;
				GCC_WARN_UNINITIALIZED_AUTOS = YES_AGGRESSIVE;
				GCC_WARN_UNUSED_FUNCTION = YES;
				GCC_WARN_UNUSED_VARIABLE = YES;
				IPHONEOS_DEPLOYMENT_TARGET = 14.0;
				MTL_ENABLE_DEBUG_INFO = NO;
				MTL_FAST_MATH = YES;
				SDKROOT = iphoneos;
				VALIDATE_PRODUCT = YES;
			};
			name = Release;
		};
		17F8401E24BFFCD000444F86 /* Debug */ = {
			isa = XCBuildConfiguration;
			buildSettings = {
				ASSETCATALOG_COMPILER_APPICON_NAME = AppIcon;
				ASSETCATALOG_COMPILER_GLOBAL_ACCENT_COLOR_NAME = AccentColor;
				CODE_SIGN_STYLE = Automatic;
				DEVELOPMENT_TEAM = 9DRH4X9PX9;
				INFOPLIST_FILE = "Triangle-ObjC/Info.plist";
				LD_RUNPATH_SEARCH_PATHS = (
					"$(inherited)",
					"@executable_path/Frameworks",
				);
				PRODUCT_BUNDLE_IDENTIFIER = "com.stoneus.Triangle-ObjC";
				PRODUCT_NAME = "$(TARGET_NAME)";
				TARGETED_DEVICE_FAMILY = "1,2";
			};
			name = Debug;
		};
		17F8401F24BFFCD000444F86 /* Release */ = {
			isa = XCBuildConfiguration;
			buildSettings = {
				ASSETCATALOG_COMPILER_APPICON_NAME = AppIcon;
				ASSETCATALOG_COMPILER_GLOBAL_ACCENT_COLOR_NAME = AccentColor;
				CODE_SIGN_STYLE = Automatic;
				DEVELOPMENT_TEAM = 9DRH4X9PX9;
				INFOPLIST_FILE = "Triangle-ObjC/Info.plist";
				LD_RUNPATH_SEARCH_PATHS = (
					"$(inherited)",
					"@executable_path/Frameworks",
				);
				PRODUCT_BUNDLE_IDENTIFIER = "com.stoneus.Triangle-ObjC";
				PRODUCT_NAME = "$(TARGET_NAME)";
				TARGETED_DEVICE_FAMILY = "1,2";
			};
			name = Release;
		};
		17F8402124BFFCD000444F86 /* Debug */ = {
			isa = XCBuildConfiguration;
			buildSettings = {
				BUNDLE_LOADER = "$(TEST_HOST)";
				CODE_SIGN_STYLE = Automatic;
				DEVELOPMENT_TEAM = 9DRH4X9PX9;
				INFOPLIST_FILE = "Triangle-ObjCTests/Info.plist";
				IPHONEOS_DEPLOYMENT_TARGET = 14.0;
				LD_RUNPATH_SEARCH_PATHS = (
					"$(inherited)",
					"@executable_path/Frameworks",
					"@loader_path/Frameworks",
				);
				PRODUCT_BUNDLE_IDENTIFIER = "com.stoneus.Triangle-ObjCTests";
				PRODUCT_NAME = "$(TARGET_NAME)";
				TARGETED_DEVICE_FAMILY = "1,2";
				TEST_HOST = "$(BUILT_PRODUCTS_DIR)/Triangle-ObjC.app/Triangle-ObjC";
			};
			name = Debug;
		};
		17F8402224BFFCD000444F86 /* Release */ = {
			isa = XCBuildConfiguration;
			buildSettings = {
				BUNDLE_LOADER = "$(TEST_HOST)";
				CODE_SIGN_STYLE = Automatic;
				DEVELOPMENT_TEAM = 9DRH4X9PX9;
				INFOPLIST_FILE = "Triangle-ObjCTests/Info.plist";
				IPHONEOS_DEPLOYMENT_TARGET = 14.0;
				LD_RUNPATH_SEARCH_PATHS = (
					"$(inherited)",
					"@executable_path/Frameworks",
					"@loader_path/Frameworks",
				);
				PRODUCT_BUNDLE_IDENTIFIER = "com.stoneus.Triangle-ObjCTests";
				PRODUCT_NAME = "$(TARGET_NAME)";
				TARGETED_DEVICE_FAMILY = "1,2";
				TEST_HOST = "$(BUILT_PRODUCTS_DIR)/Triangle-ObjC.app/Triangle-ObjC";
			};
			name = Release;
		};
		17F8402424BFFCD000444F86 /* Debug */ = {
			isa = XCBuildConfiguration;
			buildSettings = {
				CODE_SIGN_STYLE = Automatic;
				DEVELOPMENT_TEAM = 9DRH4X9PX9;
				INFOPLIST_FILE = "Triangle-ObjCUITests/Info.plist";
				LD_RUNPATH_SEARCH_PATHS = (
					"$(inherited)",
					"@executable_path/Frameworks",
					"@loader_path/Frameworks",
				);
				PRODUCT_BUNDLE_IDENTIFIER = "com.stoneus.Triangle-ObjCUITests";
				PRODUCT_NAME = "$(TARGET_NAME)";
				TARGETED_DEVICE_FAMILY = "1,2";
				TEST_TARGET_NAME = "Triangle-ObjC";
			};
			name = Debug;
		};
		17F8402524BFFCD000444F86 /* Release */ = {
			isa = XCBuildConfiguration;
			buildSettings = {
				CODE_SIGN_STYLE = Automatic;
				DEVELOPMENT_TEAM = 9DRH4X9PX9;
				INFOPLIST_FILE = "Triangle-ObjCUITests/Info.plist";
				LD_RUNPATH_SEARCH_PATHS = (
					"$(inherited)",
					"@executable_path/Frameworks",
					"@loader_path/Frameworks",
				);
				PRODUCT_BUNDLE_IDENTIFIER = "com.stoneus.Triangle-ObjCUITests";
				PRODUCT_NAME = "$(TARGET_NAME)";
				TARGETED_DEVICE_FAMILY = "1,2";
				TEST_TARGET_NAME = "Triangle-ObjC";
			};
			name = Release;
		};
/* End XCBuildConfiguration section */

/* Begin XCConfigurationList section */
		17F83FE924BFFCCF00444F86 /* Build configuration list for PBXProject "Triangle-ObjC" */ = {
			isa = XCConfigurationList;
			buildConfigurations = (
				17F8401B24BFFCD000444F86 /* Debug */,
				17F8401C24BFFCD000444F86 /* Release */,
			);
			defaultConfigurationIsVisible = 0;
			defaultConfigurationName = Release;
		};
		17F8401D24BFFCD000444F86 /* Build configuration list for PBXNativeTarget "Triangle-ObjC" */ = {
			isa = XCConfigurationList;
			buildConfigurations = (
				17F8401E24BFFCD000444F86 /* Debug */,
				17F8401F24BFFCD000444F86 /* Release */,
			);
			defaultConfigurationIsVisible = 0;
			defaultConfigurationName = Release;
		};
		17F8402024BFFCD000444F86 /* Build configuration list for PBXNativeTarget "Triangle-ObjCTests" */ = {
			isa = XCConfigurationList;
			buildConfigurations = (
				17F8402124BFFCD000444F86 /* Debug */,
				17F8402224BFFCD000444F86 /* Release */,
			);
			defaultConfigurationIsVisible = 0;
			defaultConfigurationName = Release;
		};
		17F8402324BFFCD000444F86 /* Build configuration list for PBXNativeTarget "Triangle-ObjCUITests" */ = {
			isa = XCConfigurationList;
			buildConfigurations = (
				17F8402424BFFCD000444F86 /* Debug */,
				17F8402524BFFCD000444F86 /* Release */,
			);
			defaultConfigurationIsVisible = 0;
			defaultConfigurationName = Release;
		};
/* End XCConfigurationList section */
	};
	rootObject = 17F83FE624BFFCCF00444F86 /* Project object */;
}
