// !$*UTF8*$!
{
	archiveVersion = 1;
	classes = {
	};
	objectVersion = 50;
	objects = {

/* Begin PBXBuildFile section */
		1737577824D544010043C966 /* LutTexture.metal in Sources */ = {isa = PBXBuildFile; fileRef = 1737577524D544010043C966 /* LutTexture.metal */; };
		1737577924D544010043C966 /* LutTexture.m in Sources */ = {isa = PBXBuildFile; fileRef = 1737577724D544010043C966 /* LutTexture.m */; };
		1737577E24D568A90043C966 /* DefineCollectionViewCell.m in Sources */ = {isa = PBXBuildFile; fileRef = 1737577D24D568A90043C966 /* DefineCollectionViewCell.m */; };
		1737578124D5769E0043C966 /* lut5.png in Resources */ = {isa = PBXBuildFile; fileRef = 1737577F24D5769C0043C966 /* lut5.png */; };
		1737578224D5769E0043C966 /* lut6.png in Resources */ = {isa = PBXBuildFile; fileRef = 1737578024D5769D0043C966 /* lut6.png */; };
		17D21CD224D27D110036517F /* MetalContext.mm in Sources */ = {isa = PBXBuildFile; fileRef = 17D21CC224D27D110036517F /* MetalContext.mm */; };
		17D21CD524D27D110036517F /* MetalView.m in Sources */ = {isa = PBXBuildFile; fileRef = 17D21CCB24D27D110036517F /* MetalView.m */; };
		17D21CD624D27D110036517F /* CameraEngine.m in Sources */ = {isa = PBXBuildFile; fileRef = 17D21CCF24D27D110036517F /* CameraEngine.m */; };
		17D21CD724D27D110036517F /* TextureLoader.m in Sources */ = {isa = PBXBuildFile; fileRef = 17D21CD024D27D110036517F /* TextureLoader.m */; };
		17D21CDF24D3070D0036517F /* original.png in Resources */ = {isa = PBXBuildFile; fileRef = 17D21CDA24D3070D0036517F /* original.png */; };
		17D21CE024D3070D0036517F /* lut1.png in Resources */ = {isa = PBXBuildFile; fileRef = 17D21CDB24D3070D0036517F /* lut1.png */; };
		17D21CE124D3070D0036517F /* lut4.png in Resources */ = {isa = PBXBuildFile; fileRef = 17D21CDC24D3070D0036517F /* lut4.png */; };
		17D21CE224D3070D0036517F /* lut3.png in Resources */ = {isa = PBXBuildFile; fileRef = 17D21CDD24D3070D0036517F /* lut3.png */; };
		17D21CE324D3070D0036517F /* lut2.png in Resources */ = {isa = PBXBuildFile; fileRef = 17D21CDE24D3070D0036517F /* lut2.png */; };
		17F8410B24C5CB7200444F86 /* AppDelegate.m in Sources */ = {isa = PBXBuildFile; fileRef = 17F8410A24C5CB7200444F86 /* AppDelegate.m */; };
		17F8410E24C5CB7200444F86 /* SceneDelegate.m in Sources */ = {isa = PBXBuildFile; fileRef = 17F8410D24C5CB7200444F86 /* SceneDelegate.m */; };
		17F8411124C5CB7200444F86 /* ViewController.m in Sources */ = {isa = PBXBuildFile; fileRef = 17F8411024C5CB7200444F86 /* ViewController.m */; };
		17F8411424C5CB7200444F86 /* Main.storyboard in Resources */ = {isa = PBXBuildFile; fileRef = 17F8411224C5CB7200444F86 /* Main.storyboard */; };
		17F8411624C5CB7400444F86 /* Assets.xcassets in Resources */ = {isa = PBXBuildFile; fileRef = 17F8411524C5CB7400444F86 /* Assets.xcassets */; };
		17F8411924C5CB7400444F86 /* LaunchScreen.storyboard in Resources */ = {isa = PBXBuildFile; fileRef = 17F8411724C5CB7400444F86 /* LaunchScreen.storyboard */; };
		17F8411C24C5CB7400444F86 /* main.m in Sources */ = {isa = PBXBuildFile; fileRef = 17F8411B24C5CB7400444F86 /* main.m */; };
		17F8412624C5CB7500444F86 /* LUT_ObjCTests.m in Sources */ = {isa = PBXBuildFile; fileRef = 17F8412524C5CB7500444F86 /* LUT_ObjCTests.m */; };
		17F8413124C5CB7500444F86 /* LUT_ObjCUITests.m in Sources */ = {isa = PBXBuildFile; fileRef = 17F8413024C5CB7500444F86 /* LUT_ObjCUITests.m */; };
/* End PBXBuildFile section */

/* Begin PBXContainerItemProxy section */
		17F8412224C5CB7500444F86 /* PBXContainerItemProxy */ = {
			isa = PBXContainerItemProxy;
			containerPortal = 17F840FE24C5CB7200444F86 /* Project object */;
			proxyType = 1;
			remoteGlobalIDString = 17F8410524C5CB7200444F86;
			remoteInfo = "LUT-ObjC";
		};
		17F8412D24C5CB7500444F86 /* PBXContainerItemProxy */ = {
			isa = PBXContainerItemProxy;
			containerPortal = 17F840FE24C5CB7200444F86 /* Project object */;
			proxyType = 1;
			remoteGlobalIDString = 17F8410524C5CB7200444F86;
			remoteInfo = "LUT-ObjC";
		};
/* End PBXContainerItemProxy section */

/* Begin PBXFileReference section */
		1737577524D544010043C966 /* LutTexture.metal */ = {isa = PBXFileReference; fileEncoding = 4; lastKnownFileType = sourcecode.metal; path = LutTexture.metal; sourceTree = "<group>"; };
		1737577624D544010043C966 /* LutTexture.h */ = {isa = PBXFileReference; fileEncoding = 4; lastKnownFileType = sourcecode.c.h; path = LutTexture.h; sourceTree = "<group>"; };
		1737577724D544010043C966 /* LutTexture.m */ = {isa = PBXFileReference; fileEncoding = 4; lastKnownFileType = sourcecode.c.objc; path = LutTexture.m; sourceTree = "<group>"; };
		1737577C24D568A90043C966 /* DefineCollectionViewCell.h */ = {isa = PBXFileReference; lastKnownFileType = sourcecode.c.h; path = DefineCollectionViewCell.h; sourceTree = "<group>"; };
		1737577D24D568A90043C966 /* DefineCollectionViewCell.m */ = {isa = PBXFileReference; lastKnownFileType = sourcecode.c.objc; path = DefineCollectionViewCell.m; sourceTree = "<group>"; };
		1737577F24D5769C0043C966 /* lut5.png */ = {isa = PBXFileReference; lastKnownFileType = image.png; path = lut5.png; sourceTree = "<group>"; };
		1737578024D5769D0043C966 /* lut6.png */ = {isa = PBXFileReference; lastKnownFileType = image.png; path = lut6.png; sourceTree = "<group>"; };
		17D21CC224D27D110036517F /* MetalContext.mm */ = {isa = PBXFileReference; fileEncoding = 4; lastKnownFileType = sourcecode.cpp.objcpp; path = MetalContext.mm; sourceTree = "<group>"; };
		17D21CC324D27D110036517F /* MetalContext.h */ = {isa = PBXFileReference; fileEncoding = 4; lastKnownFileType = sourcecode.c.h; path = MetalContext.h; sourceTree = "<group>"; };
		17D21CC924D27D110036517F /* DefineTypes.h */ = {isa = PBXFileReference; fileEncoding = 4; lastKnownFileType = sourcecode.c.h; path = DefineTypes.h; sourceTree = "<group>"; };
		17D21CCB24D27D110036517F /* MetalView.m */ = {isa = PBXFileReference; fileEncoding = 4; lastKnownFileType = sourcecode.c.objc; path = MetalView.m; sourceTree = "<group>"; };
		17D21CCC24D27D110036517F /* MetalView.h */ = {isa = PBXFileReference; fileEncoding = 4; lastKnownFileType = sourcecode.c.h; path = MetalView.h; sourceTree = "<group>"; };
		17D21CCE24D27D110036517F /* TextureLoader.h */ = {isa = PBXFileReference; fileEncoding = 4; lastKnownFileType = sourcecode.c.h; path = TextureLoader.h; sourceTree = "<group>"; };
		17D21CCF24D27D110036517F /* CameraEngine.m */ = {isa = PBXFileReference; fileEncoding = 4; lastKnownFileType = sourcecode.c.objc; path = CameraEngine.m; sourceTree = "<group>"; };
		17D21CD024D27D110036517F /* TextureLoader.m */ = {isa = PBXFileReference; fileEncoding = 4; lastKnownFileType = sourcecode.c.objc; path = TextureLoader.m; sourceTree = "<group>"; };
		17D21CD124D27D110036517F /* CameraEngine.h */ = {isa = PBXFileReference; fileEncoding = 4; lastKnownFileType = sourcecode.c.h; path = CameraEngine.h; sourceTree = "<group>"; };
		17D21CDA24D3070D0036517F /* original.png */ = {isa = PBXFileReference; lastKnownFileType = image.png; path = original.png; sourceTree = "<group>"; };
		17D21CDB24D3070D0036517F /* lut1.png */ = {isa = PBXFileReference; lastKnownFileType = image.png; path = lut1.png; sourceTree = "<group>"; };
		17D21CDC24D3070D0036517F /* lut4.png */ = {isa = PBXFileReference; lastKnownFileType = image.png; path = lut4.png; sourceTree = "<group>"; };
		17D21CDD24D3070D0036517F /* lut3.png */ = {isa = PBXFileReference; lastKnownFileType = image.png; path = lut3.png; sourceTree = "<group>"; };
		17D21CDE24D3070D0036517F /* lut2.png */ = {isa = PBXFileReference; lastKnownFileType = image.png; path = lut2.png; sourceTree = "<group>"; };
		17F8410624C5CB7200444F86 /* LUT-ObjC.app */ = {isa = PBXFileReference; explicitFileType = wrapper.application; includeInIndex = 0; path = "LUT-ObjC.app"; sourceTree = BUILT_PRODUCTS_DIR; };
		17F8410924C5CB7200444F86 /* AppDelegate.h */ = {isa = PBXFileReference; lastKnownFileType = sourcecode.c.h; path = AppDelegate.h; sourceTree = "<group>"; };
		17F8410A24C5CB7200444F86 /* AppDelegate.m */ = {isa = PBXFileReference; lastKnownFileType = sourcecode.c.objc; path = AppDelegate.m; sourceTree = "<group>"; };
		17F8410C24C5CB7200444F86 /* SceneDelegate.h */ = {isa = PBXFileReference; lastKnownFileType = sourcecode.c.h; path = SceneDelegate.h; sourceTree = "<group>"; };
		17F8410D24C5CB7200444F86 /* SceneDelegate.m */ = {isa = PBXFileReference; lastKnownFileType = sourcecode.c.objc; path = SceneDelegate.m; sourceTree = "<group>"; };
		17F8410F24C5CB7200444F86 /* ViewController.h */ = {isa = PBXFileReference; lastKnownFileType = sourcecode.c.h; path = ViewController.h; sourceTree = "<group>"; };
		17F8411024C5CB7200444F86 /* ViewController.m */ = {isa = PBXFileReference; lastKnownFileType = sourcecode.c.objc; path = ViewController.m; sourceTree = "<group>"; };
		17F8411324C5CB7200444F86 /* Base */ = {isa = PBXFileReference; lastKnownFileType = file.storyboard; name = Base; path = Base.lproj/Main.storyboard; sourceTree = "<group>"; };
		17F8411524C5CB7400444F86 /* Assets.xcassets */ = {isa = PBXFileReference; lastKnownFileType = folder.assetcatalog; path = Assets.xcassets; sourceTree = "<group>"; };
		17F8411824C5CB7400444F86 /* Base */ = {isa = PBXFileReference; lastKnownFileType = file.storyboard; name = Base; path = Base.lproj/LaunchScreen.storyboard; sourceTree = "<group>"; };
		17F8411A24C5CB7400444F86 /* Info.plist */ = {isa = PBXFileReference; lastKnownFileType = text.plist.xml; path = Info.plist; sourceTree = "<group>"; };
		17F8411B24C5CB7400444F86 /* main.m */ = {isa = PBXFileReference; lastKnownFileType = sourcecode.c.objc; path = main.m; sourceTree = "<group>"; };
		17F8412124C5CB7500444F86 /* LUT-ObjCTests.xctest */ = {isa = PBXFileReference; explicitFileType = wrapper.cfbundle; includeInIndex = 0; path = "LUT-ObjCTests.xctest"; sourceTree = BUILT_PRODUCTS_DIR; };
		17F8412524C5CB7500444F86 /* LUT_ObjCTests.m */ = {isa = PBXFileReference; lastKnownFileType = sourcecode.c.objc; path = LUT_ObjCTests.m; sourceTree = "<group>"; };
		17F8412724C5CB7500444F86 /* Info.plist */ = {isa = PBXFileReference; lastKnownFileType = text.plist.xml; path = Info.plist; sourceTree = "<group>"; };
		17F8412C24C5CB7500444F86 /* LUT-ObjCUITests.xctest */ = {isa = PBXFileReference; explicitFileType = wrapper.cfbundle; includeInIndex = 0; path = "LUT-ObjCUITests.xctest"; sourceTree = BUILT_PRODUCTS_DIR; };
		17F8413024C5CB7500444F86 /* LUT_ObjCUITests.m */ = {isa = PBXFileReference; lastKnownFileType = sourcecode.c.objc; path = LUT_ObjCUITests.m; sourceTree = "<group>"; };
		17F8413224C5CB7500444F86 /* Info.plist */ = {isa = PBXFileReference; lastKnownFileType = text.plist.xml; path = Info.plist; sourceTree = "<group>"; };
/* End PBXFileReference section */

/* Begin PBXFrameworksBuildPhase section */
		17F8410324C5CB7200444F86 /* Frameworks */ = {
			isa = PBXFrameworksBuildPhase;
			buildActionMask = 2147483647;
			files = (
			);
			runOnlyForDeploymentPostprocessing = 0;
		};
		17F8411E24C5CB7500444F86 /* Frameworks */ = {
			isa = PBXFrameworksBuildPhase;
			buildActionMask = 2147483647;
			files = (
			);
			runOnlyForDeploymentPostprocessing = 0;
		};
		17F8412924C5CB7500444F86 /* Frameworks */ = {
			isa = PBXFrameworksBuildPhase;
			buildActionMask = 2147483647;
			files = (
			);
			runOnlyForDeploymentPostprocessing = 0;
		};
/* End PBXFrameworksBuildPhase section */

/* Begin PBXGroup section */
		1737577A24D5684A0043C966 /* UI */ = {
			isa = PBXGroup;
			children = (
				1737577B24D568500043C966 /* Cell */,
			);
			path = UI;
			sourceTree = "<group>";
		};
		1737577B24D568500043C966 /* Cell */ = {
			isa = PBXGroup;
			children = (
				1737577C24D568A90043C966 /* DefineCollectionViewCell.h */,
				1737577D24D568A90043C966 /* DefineCollectionViewCell.m */,
			);
			path = Cell;
			sourceTree = "<group>";
		};
		17D21CC024D27D110036517F /* Metal */ = {
			isa = PBXGroup;
			children = (
				17D21CC124D27D110036517F /* Context */,
				17D21CC424D27D110036517F /* Render */,
				17D21CCA24D27D110036517F /* View */,
			);
			path = Metal;
			sourceTree = "<group>";
		};
		17D21CC124D27D110036517F /* Context */ = {
			isa = PBXGroup;
			children = (
				17D21CC224D27D110036517F /* MetalContext.mm */,
				17D21CC324D27D110036517F /* MetalContext.h */,
			);
			path = Context;
			sourceTree = "<group>";
		};
		17D21CC424D27D110036517F /* Render */ = {
			isa = PBXGroup;
			children = (
				17D21CC524D27D110036517F /* LutTexture */,
			);
			path = Render;
			sourceTree = "<group>";
		};
		17D21CC524D27D110036517F /* LutTexture */ = {
			isa = PBXGroup;
			children = (
				1737577624D544010043C966 /* LutTexture.h */,
				1737577724D544010043C966 /* LutTexture.m */,
				1737577524D544010043C966 /* LutTexture.metal */,
				17D21CC924D27D110036517F /* DefineTypes.h */,
			);
			path = LutTexture;
			sourceTree = "<group>";
		};
		17D21CCA24D27D110036517F /* View */ = {
			isa = PBXGroup;
			children = (
				17D21CCB24D27D110036517F /* MetalView.m */,
				17D21CCC24D27D110036517F /* MetalView.h */,
			);
			path = View;
			sourceTree = "<group>";
		};
		17D21CCD24D27D110036517F /* Tools */ = {
			isa = PBXGroup;
			children = (
				17D21CCE24D27D110036517F /* TextureLoader.h */,
				17D21CD024D27D110036517F /* TextureLoader.m */,
				17D21CD124D27D110036517F /* CameraEngine.h */,
				17D21CCF24D27D110036517F /* CameraEngine.m */,
			);
			path = Tools;
			sourceTree = "<group>";
		};
		17D21CD824D3069F0036517F /* Resources */ = {
			isa = PBXGroup;
			children = (
				17D21CD924D306AE0036517F /* Luts */,
			);
			path = Resources;
			sourceTree = "<group>";
		};
		17D21CD924D306AE0036517F /* Luts */ = {
			isa = PBXGroup;
			children = (
				17D21CDB24D3070D0036517F /* lut1.png */,
				17D21CDE24D3070D0036517F /* lut2.png */,
				17D21CDD24D3070D0036517F /* lut3.png */,
				17D21CDC24D3070D0036517F /* lut4.png */,
				1737577F24D5769C0043C966 /* lut5.png */,
				1737578024D5769D0043C966 /* lut6.png */,
				17D21CDA24D3070D0036517F /* original.png */,
			);
			path = Luts;
			sourceTree = "<group>";
		};
		17F840FD24C5CB7200444F86 = {
			isa = PBXGroup;
			children = (
				17F8410824C5CB7200444F86 /* LUT-ObjC */,
				17F8412424C5CB7500444F86 /* LUT-ObjCTests */,
				17F8412F24C5CB7500444F86 /* LUT-ObjCUITests */,
				17F8410724C5CB7200444F86 /* Products */,
			);
			sourceTree = "<group>";
		};
		17F8410724C5CB7200444F86 /* Products */ = {
			isa = PBXGroup;
			children = (
				17F8410624C5CB7200444F86 /* LUT-ObjC.app */,
				17F8412124C5CB7500444F86 /* LUT-ObjCTests.xctest */,
				17F8412C24C5CB7500444F86 /* LUT-ObjCUITests.xctest */,
			);
			name = Products;
			sourceTree = "<group>";
		};
		17F8410824C5CB7200444F86 /* LUT-ObjC */ = {
			isa = PBXGroup;
			children = (
				1737577A24D5684A0043C966 /* UI */,
				17D21CD824D3069F0036517F /* Resources */,
				17D21CC024D27D110036517F /* Metal */,
				17D21CCD24D27D110036517F /* Tools */,
				17F8410924C5CB7200444F86 /* AppDelegate.h */,
				17F8410A24C5CB7200444F86 /* AppDelegate.m */,
				17F8410C24C5CB7200444F86 /* SceneDelegate.h */,
				17F8410D24C5CB7200444F86 /* SceneDelegate.m */,
				17F8410F24C5CB7200444F86 /* ViewController.h */,
				17F8411024C5CB7200444F86 /* ViewController.m */,
				17F8411224C5CB7200444F86 /* Main.storyboard */,
				17F8411524C5CB7400444F86 /* Assets.xcassets */,
				17F8411724C5CB7400444F86 /* LaunchScreen.storyboard */,
				17F8411A24C5CB7400444F86 /* Info.plist */,
				17F8411B24C5CB7400444F86 /* main.m */,
			);
			path = "LUT-ObjC";
			sourceTree = "<group>";
		};
		17F8412424C5CB7500444F86 /* LUT-ObjCTests */ = {
			isa = PBXGroup;
			children = (
				17F8412524C5CB7500444F86 /* LUT_ObjCTests.m */,
				17F8412724C5CB7500444F86 /* Info.plist */,
			);
			path = "LUT-ObjCTests";
			sourceTree = "<group>";
		};
		17F8412F24C5CB7500444F86 /* LUT-ObjCUITests */ = {
			isa = PBXGroup;
			children = (
				17F8413024C5CB7500444F86 /* LUT_ObjCUITests.m */,
				17F8413224C5CB7500444F86 /* Info.plist */,
			);
			path = "LUT-ObjCUITests";
			sourceTree = "<group>";
		};
/* End PBXGroup section */

/* Begin PBXNativeTarget section */
		17F8410524C5CB7200444F86 /* LUT-ObjC */ = {
			isa = PBXNativeTarget;
			buildConfigurationList = 17F8413524C5CB7500444F86 /* Build configuration list for PBXNativeTarget "LUT-ObjC" */;
			buildPhases = (
				17F8410224C5CB7200444F86 /* Sources */,
				17F8410324C5CB7200444F86 /* Frameworks */,
				17F8410424C5CB7200444F86 /* Resources */,
			);
			buildRules = (
			);
			dependencies = (
			);
			name = "LUT-ObjC";
			productName = "LUT-ObjC";
			productReference = 17F8410624C5CB7200444F86 /* LUT-ObjC.app */;
			productType = "com.apple.product-type.application";
		};
		17F8412024C5CB7500444F86 /* LUT-ObjCTests */ = {
			isa = PBXNativeTarget;
			buildConfigurationList = 17F8413824C5CB7500444F86 /* Build configuration list for PBXNativeTarget "LUT-ObjCTests" */;
			buildPhases = (
				17F8411D24C5CB7500444F86 /* Sources */,
				17F8411E24C5CB7500444F86 /* Frameworks */,
				17F8411F24C5CB7500444F86 /* Resources */,
			);
			buildRules = (
			);
			dependencies = (
				17F8412324C5CB7500444F86 /* PBXTargetDependency */,
			);
			name = "LUT-ObjCTests";
			productName = "LUT-ObjCTests";
			productReference = 17F8412124C5CB7500444F86 /* LUT-ObjCTests.xctest */;
			productType = "com.apple.product-type.bundle.unit-test";
		};
		17F8412B24C5CB7500444F86 /* LUT-ObjCUITests */ = {
			isa = PBXNativeTarget;
			buildConfigurationList = 17F8413B24C5CB7500444F86 /* Build configuration list for PBXNativeTarget "LUT-ObjCUITests" */;
			buildPhases = (
				17F8412824C5CB7500444F86 /* Sources */,
				17F8412924C5CB7500444F86 /* Frameworks */,
				17F8412A24C5CB7500444F86 /* Resources */,
			);
			buildRules = (
			);
			dependencies = (
				17F8412E24C5CB7500444F86 /* PBXTargetDependency */,
			);
			name = "LUT-ObjCUITests";
			productName = "LUT-ObjCUITests";
			productReference = 17F8412C24C5CB7500444F86 /* LUT-ObjCUITests.xctest */;
			productType = "com.apple.product-type.bundle.ui-testing";
		};
/* End PBXNativeTarget section */

/* Begin PBXProject section */
		17F840FE24C5CB7200444F86 /* Project object */ = {
			isa = PBXProject;
			attributes = {
				LastUpgradeCheck = 1200;
				TargetAttributes = {
					17F8410524C5CB7200444F86 = {
						CreatedOnToolsVersion = 12.0;
					};
					17F8412024C5CB7500444F86 = {
						CreatedOnToolsVersion = 12.0;
						TestTargetID = 17F8410524C5CB7200444F86;
					};
					17F8412B24C5CB7500444F86 = {
						CreatedOnToolsVersion = 12.0;
						TestTargetID = 17F8410524C5CB7200444F86;
					};
				};
			};
			buildConfigurationList = 17F8410124C5CB7200444F86 /* Build configuration list for PBXProject "LUT-ObjC" */;
			compatibilityVersion = "Xcode 9.3";
			developmentRegion = en;
			hasScannedForEncodings = 0;
			knownRegions = (
				en,
				Base,
			);
			mainGroup = 17F840FD24C5CB7200444F86;
			productRefGroup = 17F8410724C5CB7200444F86 /* Products */;
			projectDirPath = "";
			projectRoot = "";
			targets = (
				17F8410524C5CB7200444F86 /* LUT-ObjC */,
				17F8412024C5CB7500444F86 /* LUT-ObjCTests */,
				17F8412B24C5CB7500444F86 /* LUT-ObjCUITests */,
			);
		};
/* End PBXProject section */

/* Begin PBXResourcesBuildPhase section */
		17F8410424C5CB7200444F86 /* Resources */ = {
			isa = PBXResourcesBuildPhase;
			buildActionMask = 2147483647;
			files = (
				17D21CDF24D3070D0036517F /* original.png in Resources */,
				17D21CE224D3070D0036517F /* lut3.png in Resources */,
				1737578124D5769E0043C966 /* lut5.png in Resources */,
				17D21CE324D3070D0036517F /* lut2.png in Resources */,
				17D21CE024D3070D0036517F /* lut1.png in Resources */,
				17D21CE124D3070D0036517F /* lut4.png in Resources */,
				1737578224D5769E0043C966 /* lut6.png in Resources */,
				17F8411924C5CB7400444F86 /* LaunchScreen.storyboard in Resources */,
				17F8411624C5CB7400444F86 /* Assets.xcassets in Resources */,
				17F8411424C5CB7200444F86 /* Main.storyboard in Resources */,
			);
			runOnlyForDeploymentPostprocessing = 0;
		};
		17F8411F24C5CB7500444F86 /* Resources */ = {
			isa = PBXResourcesBuildPhase;
			buildActionMask = 2147483647;
			files = (
			);
			runOnlyForDeploymentPostprocessing = 0;
		};
		17F8412A24C5CB7500444F86 /* Resources */ = {
			isa = PBXResourcesBuildPhase;
			buildActionMask = 2147483647;
			files = (
			);
			runOnlyForDeploymentPostprocessing = 0;
		};
/* End PBXResourcesBuildPhase section */

/* Begin PBXSourcesBuildPhase section */
		17F8410224C5CB7200444F86 /* Sources */ = {
			isa = PBXSourcesBuildPhase;
			buildActionMask = 2147483647;
			files = (
				1737577E24D568A90043C966 /* DefineCollectionViewCell.m in Sources */,
				17F8411124C5CB7200444F86 /* ViewController.m in Sources */,
				1737577924D544010043C966 /* LutTexture.m in Sources */,
				17F8410B24C5CB7200444F86 /* AppDelegate.m in Sources */,
				17D21CD224D27D110036517F /* MetalContext.mm in Sources */,
				17D21CD624D27D110036517F /* CameraEngine.m in Sources */,
				17D21CD524D27D110036517F /* MetalView.m in Sources */,
				17D21CD724D27D110036517F /* TextureLoader.m in Sources */,
				17F8411C24C5CB7400444F86 /* main.m in Sources */,
				1737577824D544010043C966 /* LutTexture.metal in Sources */,
				17F8410E24C5CB7200444F86 /* SceneDelegate.m in Sources */,
			);
			runOnlyForDeploymentPostprocessing = 0;
		};
		17F8411D24C5CB7500444F86 /* Sources */ = {
			isa = PBXSourcesBuildPhase;
			buildActionMask = 2147483647;
			files = (
				17F8412624C5CB7500444F86 /* LUT_ObjCTests.m in Sources */,
			);
			runOnlyForDeploymentPostprocessing = 0;
		};
		17F8412824C5CB7500444F86 /* Sources */ = {
			isa = PBXSourcesBuildPhase;
			buildActionMask = 2147483647;
			files = (
				17F8413124C5CB7500444F86 /* LUT_ObjCUITests.m in Sources */,
			);
			runOnlyForDeploymentPostprocessing = 0;
		};
/* End PBXSourcesBuildPhase section */

/* Begin PBXTargetDependency section */
		17F8412324C5CB7500444F86 /* PBXTargetDependency */ = {
			isa = PBXTargetDependency;
			target = 17F8410524C5CB7200444F86 /* LUT-ObjC */;
			targetProxy = 17F8412224C5CB7500444F86 /* PBXContainerItemProxy */;
		};
		17F8412E24C5CB7500444F86 /* PBXTargetDependency */ = {
			isa = PBXTargetDependency;
			target = 17F8410524C5CB7200444F86 /* LUT-ObjC */;
			targetProxy = 17F8412D24C5CB7500444F86 /* PBXContainerItemProxy */;
		};
/* End PBXTargetDependency section */

/* Begin PBXVariantGroup section */
		17F8411224C5CB7200444F86 /* Main.storyboard */ = {
			isa = PBXVariantGroup;
			children = (
				17F8411324C5CB7200444F86 /* Base */,
			);
			name = Main.storyboard;
			sourceTree = "<group>";
		};
		17F8411724C5CB7400444F86 /* LaunchScreen.storyboard */ = {
			isa = PBXVariantGroup;
			children = (
				17F8411824C5CB7400444F86 /* Base */,
			);
			name = LaunchScreen.storyboard;
			sourceTree = "<group>";
		};
/* End PBXVariantGroup section */

/* Begin XCBuildConfiguration section */
		17F8413324C5CB7500444F86 /* Debug */ = {
			isa = XCBuildConfiguration;
			buildSettings = {
				ALWAYS_SEARCH_USER_PATHS = NO;
				CLANG_ANALYZER_NONNULL = YES;
				CLANG_ANALYZER_NUMBER_OBJECT_CONVERSION = YES_AGGRESSIVE;
				CLANG_CXX_LANGUAGE_STANDARD = "gnu++14";
				CLANG_CXX_LIBRARY = "libc++";
				CLANG_ENABLE_MODULES = YES;
				CLANG_ENABLE_OBJC_ARC = YES;
				CLANG_ENABLE_OBJC_WEAK = YES;
				CLANG_WARN_BLOCK_CAPTURE_AUTORELEASING = YES;
				CLANG_WARN_BOOL_CONVERSION = YES;
				CLANG_WARN_COMMA = YES;
				CLANG_WARN_CONSTANT_CONVERSION = YES;
				CLANG_WARN_DEPRECATED_OBJC_IMPLEMENTATIONS = YES;
				CLANG_WARN_DIRECT_OBJC_ISA_USAGE = YES_ERROR;
				CLANG_WARN_DOCUMENTATION_COMMENTS = YES;
				CLANG_WARN_EMPTY_BODY = YES;
				CLANG_WARN_ENUM_CONVERSION = YES;
				CLANG_WARN_INFINITE_RECURSION = YES;
				CLANG_WARN_INT_CONVERSION = YES;
				CLANG_WARN_NON_LITERAL_NULL_CONVERSION = YES;
				CLANG_WARN_OBJC_IMPLICIT_RETAIN_SELF = YES;
				CLANG_WARN_OBJC_LITERAL_CONVERSION = YES;
				CLANG_WARN_OBJC_ROOT_CLASS = YES_ERROR;
				CLANG_WARN_QUOTED_INCLUDE_IN_FRAMEWORK_HEADER = YES;
				CLANG_WARN_RANGE_LOOP_ANALYSIS = YES;
				CLANG_WARN_STRICT_PROTOTYPES = YES;
				CLANG_WARN_SUSPICIOUS_MOVE = YES;
				CLANG_WARN_UNGUARDED_AVAILABILITY = YES_AGGRESSIVE;
				CLANG_WARN_UNREACHABLE_CODE = YES;
				CLANG_WARN__DUPLICATE_METHOD_MATCH = YES;
				COPY_PHASE_STRIP = NO;
				DEBUG_INFORMATION_FORMAT = dwarf;
				ENABLE_STRICT_OBJC_MSGSEND = YES;
				ENABLE_TESTABILITY = YES;
				GCC_C_LANGUAGE_STANDARD = gnu11;
				GCC_DYNAMIC_NO_PIC = NO;
				GCC_NO_COMMON_BLOCKS = YES;
				GCC_OPTIMIZATION_LEVEL = 0;
				GCC_PREPROCESSOR_DEFINITIONS = (
					"DEBUG=1",
					"$(inherited)",
				);
				GCC_WARN_64_TO_32_BIT_CONVERSION = YES;
				GCC_WARN_ABOUT_RETURN_TYPE = YES_ERROR;
				GCC_WARN_UNDECLARED_SELECTOR = YES;
				GCC_WARN_UNINITIALIZED_AUTOS = YES_AGGRESSIVE;
				GCC_WARN_UNUSED_FUNCTION = YES;
				GCC_WARN_UNUSED_VARIABLE = YES;
				IPHONEOS_DEPLOYMENT_TARGET = 14.0;
				MTL_ENABLE_DEBUG_INFO = INCLUDE_SOURCE;
				MTL_FAST_MATH = YES;
				ONLY_ACTIVE_ARCH = YES;
				SDKROOT = iphoneos;
			};
			name = Debug;
		};
		17F8413424C5CB7500444F86 /* Release */ = {
			isa = XCBuildConfiguration;
			buildSettings = {
				ALWAYS_SEARCH_USER_PATHS = NO;
				CLANG_ANALYZER_NONNULL = YES;
				CLANG_ANALYZER_NUMBER_OBJECT_CONVERSION = YES_AGGRESSIVE;
				CLANG_CXX_LANGUAGE_STANDARD = "gnu++14";
				CLANG_CXX_LIBRARY = "libc++";
				CLANG_ENABLE_MODULES = YES;
				CLANG_ENABLE_OBJC_ARC = YES;
				CLANG_ENABLE_OBJC_WEAK = YES;
				CLANG_WARN_BLOCK_CAPTURE_AUTORELEASING = YES;
				CLANG_WARN_BOOL_CONVERSION = YES;
				CLANG_WARN_COMMA = YES;
				CLANG_WARN_CONSTANT_CONVERSION = YES;
				CLANG_WARN_DEPRECATED_OBJC_IMPLEMENTATIONS = YES;
				CLANG_WARN_DIRECT_OBJC_ISA_USAGE = YES_ERROR;
				CLANG_WARN_DOCUMENTATION_COMMENTS = YES;
				CLANG_WARN_EMPTY_BODY = YES;
				CLANG_WARN_ENUM_CONVERSION = YES;
				CLANG_WARN_INFINITE_RECURSION = YES;
				CLANG_WARN_INT_CONVERSION = YES;
				CLANG_WARN_NON_LITERAL_NULL_CONVERSION = YES;
				CLANG_WARN_OBJC_IMPLICIT_RETAIN_SELF = YES;
				CLANG_WARN_OBJC_LITERAL_CONVERSION = YES;
				CLANG_WARN_OBJC_ROOT_CLASS = YES_ERROR;
				CLANG_WARN_QUOTED_INCLUDE_IN_FRAMEWORK_HEADER = YES;
				CLANG_WARN_RANGE_LOOP_ANALYSIS = YES;
				CLANG_WARN_STRICT_PROTOTYPES = YES;
				CLANG_WARN_SUSPICIOUS_MOVE = YES;
				CLANG_WARN_UNGUARDED_AVAILABILITY = YES_AGGRESSIVE;
				CLANG_WARN_UNREACHABLE_CODE = YES;
				CLANG_WARN__DUPLICATE_METHOD_MATCH = YES;
				COPY_PHASE_STRIP = NO;
				DEBUG_INFORMATION_FORMAT = "dwarf-with-dsym";
				ENABLE_NS_ASSERTIONS = NO;
				ENABLE_STRICT_OBJC_MSGSEND = YES;
				GCC_C_LANGUAGE_STANDARD = gnu11;
				GCC_NO_COMMON_BLOCKS = YES;
				GCC_WARN_64_TO_32_BIT_CONVERSION = YES;
				GCC_WARN_ABOUT_RETURN_TYPE = YES_ERROR;
				GCC_WARN_UNDECLARED_SELECTOR = YES;
				GCC_WARN_UNINITIALIZED_AUTOS = YES_AGGRESSIVE;
				GCC_WARN_UNUSED_FUNCTION = YES;
				GCC_WARN_UNUSED_VARIABLE = YES;
				IPHONEOS_DEPLOYMENT_TARGET = 14.0;
				MTL_ENABLE_DEBUG_INFO = NO;
				MTL_FAST_MATH = YES;
				SDKROOT = iphoneos;
				VALIDATE_PRODUCT = YES;
			};
			name = Release;
		};
		17F8413624C5CB7500444F86 /* Debug */ = {
			isa = XCBuildConfiguration;
			buildSettings = {
				ASSETCATALOG_COMPILER_APPICON_NAME = AppIcon;
				ASSETCATALOG_COMPILER_GLOBAL_ACCENT_COLOR_NAME = AccentColor;
				CODE_SIGN_STYLE = Automatic;
				DEVELOPMENT_TEAM = 9DRH4X9PX9;
				INFOPLIST_FILE = "LUT-ObjC/Info.plist";
				LD_RUNPATH_SEARCH_PATHS = (
					"$(inherited)",
					"@executable_path/Frameworks",
				);
				PRODUCT_BUNDLE_IDENTIFIER = "com.stoneus.LUT-ObjC";
				PRODUCT_NAME = "$(TARGET_NAME)";
				TARGETED_DEVICE_FAMILY = "1,2";
			};
			name = Debug;
		};
		17F8413724C5CB7500444F86 /* Release */ = {
			isa = XCBuildConfiguration;
			buildSettings = {
				ASSETCATALOG_COMPILER_APPICON_NAME = AppIcon;
				ASSETCATALOG_COMPILER_GLOBAL_ACCENT_COLOR_NAME = AccentColor;
				CODE_SIGN_STYLE = Automatic;
				DEVELOPMENT_TEAM = 9DRH4X9PX9;
				INFOPLIST_FILE = "LUT-ObjC/Info.plist";
				LD_RUNPATH_SEARCH_PATHS = (
					"$(inherited)",
					"@executable_path/Frameworks",
				);
				PRODUCT_BUNDLE_IDENTIFIER = "com.stoneus.LUT-ObjC";
				PRODUCT_NAME = "$(TARGET_NAME)";
				TARGETED_DEVICE_FAMILY = "1,2";
			};
			name = Release;
		};
		17F8413924C5CB7500444F86 /* Debug */ = {
			isa = XCBuildConfiguration;
			buildSettings = {
				BUNDLE_LOADER = "$(TEST_HOST)";
				CODE_SIGN_STYLE = Automatic;
				DEVELOPMENT_TEAM = 9DRH4X9PX9;
				INFOPLIST_FILE = "LUT-ObjCTests/Info.plist";
				IPHONEOS_DEPLOYMENT_TARGET = 14.0;
				LD_RUNPATH_SEARCH_PATHS = (
					"$(inherited)",
					"@executable_path/Frameworks",
					"@loader_path/Frameworks",
				);
				PRODUCT_BUNDLE_IDENTIFIER = "com.stoneus.LUT-ObjCTests";
				PRODUCT_NAME = "$(TARGET_NAME)";
				TARGETED_DEVICE_FAMILY = "1,2";
				TEST_HOST = "$(BUILT_PRODUCTS_DIR)/LUT-ObjC.app/LUT-ObjC";
			};
			name = Debug;
		};
		17F8413A24C5CB7500444F86 /* Release */ = {
			isa = XCBuildConfiguration;
			buildSettings = {
				BUNDLE_LOADER = "$(TEST_HOST)";
				CODE_SIGN_STYLE = Automatic;
				DEVELOPMENT_TEAM = 9DRH4X9PX9;
				INFOPLIST_FILE = "LUT-ObjCTests/Info.plist";
				IPHONEOS_DEPLOYMENT_TARGET = 14.0;
				LD_RUNPATH_SEARCH_PATHS = (
					"$(inherited)",
					"@executable_path/Frameworks",
					"@loader_path/Frameworks",
				);
				PRODUCT_BUNDLE_IDENTIFIER = "com.stoneus.LUT-ObjCTests";
				PRODUCT_NAME = "$(TARGET_NAME)";
				TARGETED_DEVICE_FAMILY = "1,2";
				TEST_HOST = "$(BUILT_PRODUCTS_DIR)/LUT-ObjC.app/LUT-ObjC";
			};
			name = Release;
		};
		17F8413C24C5CB7500444F86 /* Debug */ = {
			isa = XCBuildConfiguration;
			buildSettings = {
				CODE_SIGN_STYLE = Automatic;
				DEVELOPMENT_TEAM = 9DRH4X9PX9;
				INFOPLIST_FILE = "LUT-ObjCUITests/Info.plist";
				LD_RUNPATH_SEARCH_PATHS = (
					"$(inherited)",
					"@executable_path/Frameworks",
					"@loader_path/Frameworks",
				);
				PRODUCT_BUNDLE_IDENTIFIER = "com.stoneus.LUT-ObjCUITests";
				PRODUCT_NAME = "$(TARGET_NAME)";
				TARGETED_DEVICE_FAMILY = "1,2";
				TEST_TARGET_NAME = "LUT-ObjC";
			};
			name = Debug;
		};
		17F8413D24C5CB7500444F86 /* Release */ = {
			isa = XCBuildConfiguration;
			buildSettings = {
				CODE_SIGN_STYLE = Automatic;
				DEVELOPMENT_TEAM = 9DRH4X9PX9;
				INFOPLIST_FILE = "LUT-ObjCUITests/Info.plist";
				LD_RUNPATH_SEARCH_PATHS = (
					"$(inherited)",
					"@executable_path/Frameworks",
					"@loader_path/Frameworks",
				);
				PRODUCT_BUNDLE_IDENTIFIER = "com.stoneus.LUT-ObjCUITests";
				PRODUCT_NAME = "$(TARGET_NAME)";
				TARGETED_DEVICE_FAMILY = "1,2";
				TEST_TARGET_NAME = "LUT-ObjC";
			};
			name = Release;
		};
/* End XCBuildConfiguration section */

/* Begin XCConfigurationList section */
		17F8410124C5CB7200444F86 /* Build configuration list for PBXProject "LUT-ObjC" */ = {
			isa = XCConfigurationList;
			buildConfigurations = (
				17F8413324C5CB7500444F86 /* Debug */,
				17F8413424C5CB7500444F86 /* Release */,
			);
			defaultConfigurationIsVisible = 0;
			defaultConfigurationName = Release;
		};
		17F8413524C5CB7500444F86 /* Build configuration list for PBXNativeTarget "LUT-ObjC" */ = {
			isa = XCConfigurationList;
			buildConfigurations = (
				17F8413624C5CB7500444F86 /* Debug */,
				17F8413724C5CB7500444F86 /* Release */,
			);
			defaultConfigurationIsVisible = 0;
			defaultConfigurationName = Release;
		};
		17F8413824C5CB7500444F86 /* Build configuration list for PBXNativeTarget "LUT-ObjCTests" */ = {
			isa = XCConfigurationList;
			buildConfigurations = (
				17F8413924C5CB7500444F86 /* Debug */,
				17F8413A24C5CB7500444F86 /* Release */,
			);
			defaultConfigurationIsVisible = 0;
			defaultConfigurationName = Release;
		};
		17F8413B24C5CB7500444F86 /* Build configuration list for PBXNativeTarget "LUT-ObjCUITests" */ = {
			isa = XCConfigurationList;
			buildConfigurations = (
				17F8413C24C5CB7500444F86 /* Debug */,
				17F8413D24C5CB7500444F86 /* Release */,
			);
			defaultConfigurationIsVisible = 0;
			defaultConfigurationName = Release;
		};
/* End XCConfigurationList section */
	};
	rootObject = 17F840FE24C5CB7200444F86 /* Project object */;
}
